
Microsoft Visual Studio Solution File, Format Version 12.00
# Visual Studio 15
VisualStudioVersion = 15.0.26730.16
MinimumVisualStudioVersion = 10.0.40219.1
Project("{FAE04EC0-301F-11D3-BF4B-00C04F79EFBC}") = "Module01_CS", "Module01_CS\Module01_CS.csproj", "{ED61EF61-2518-4358-9274-AF90546F16DC}"
EndProject
Project("{2150E333-8FDC-42A3-9474-1A3956D46DE8}") = "PlayGround", "PlayGround", "{614BAE00-84EB-47BC-8C41-71B6E2131A8C}"
EndProject
Project("{2150E333-8FDC-42A3-9474-1A3956D46DE8}") = "Assignments", "Assignments", "{5E1B2542-C3EE-4515-8C83-C8E805B50E0F}"
EndProject
Project("{FAE04EC0-301F-11D3-BF4B-00C04F79EFBC}") = "Module02_HelloWorld", "Module02_HelloWorld\Module02_HelloWorld.csproj", "{3B404ABE-B1C1-4EB1-A581-63703EEFA401}"
EndProject
Project("{FAE04EC0-301F-11D3-BF4B-00C04F79EFBC}") = "Module03_ValueTypes", "Module03_ValueTypes\Module03_ValueTypes.csproj", "{52314A04-A84B-4053-A6DE-837C39AAA4A2}"
EndProject
Project("{FAE04EC0-301F-11D3-BF4B-00C04F79EFBC}") = "Module04_ReferenceTypes", "Module04_ReferenceTypes\Module04_ReferenceTypes.csproj", "{224C681D-ACDD-48F7-9929-4B111EF0D1B9}"
EndProject
Project("{FAE04EC0-301F-11D3-BF4B-00C04F79EFBC}") = "Module05_Methods", "Module05_Methods\Module05_Methods.csproj", "{779B2028-C640-4905-A36D-A83A043ACA82}"
EndProject
Project("{FAE04EC0-301F-11D3-BF4B-00C04F79EFBC}") = "Module07_OOP", "Module07_OOP\Module07_OOP.csproj", "{6C6BB1DA-951A-441B-82A8-0459FBCFA693}"
EndProject
Project("{FAE04EC0-301F-11D3-BF4B-00C04F79EFBC}") = "Module08_Inheritance", "Module08_Inheritance\Module08_Inheritance.csproj", "{C6A5C699-6257-4CDE-9C12-70502FDC05E5}"
EndProject
Project("{FAE04EC0-301F-11D3-BF4B-00C04F79EFBC}") = "Module09_ExceptionHandling", "Module09_ExceptionHandling\Module09_ExceptionHandling.csproj", "{BD24CAA3-9A99-4922-B73F-2A1F55486AFF}"
EndProject
Project("{FAE04EC0-301F-11D3-BF4B-00C04F79EFBC}") = "Module10_Interfaces", "Module10_Interfaces\Module10_Interfaces.csproj", "{D483641F-1FC6-47B3-A957-AC7771E1114D}"
EndProject
Project("{FAE04EC0-301F-11D3-BF4B-00C04F79EFBC}") = "Module11_Collections", "Module11_Collections\Module11_Collections.csproj", "{5A6D04FF-61B6-4466-AC97-072ED4CEBA4C}"
EndProject
Project("{FAE04EC0-301F-11D3-BF4B-00C04F79EFBC}") = "Module12_Delegates", "Module12_Delegates\Module12_Delegates.csproj", "{5A1F3DDC-9D77-418A-83F2-DC422391FEB4}"
EndProject
Project("{FAE04EC0-301F-11D3-BF4B-00C04F79EFBC}") = "Module13_Avanced", "Module13_Avanced\Module13_Avanced.csproj", "{1E76C25D-E3DE-46A6-85F2-AD0D99FDD13C}"
EndProject
Project("{FAE04EC0-301F-11D3-BF4B-00C04F79EFBC}") = "Module14_LINQ", "Module14_LINQ\Module14_LINQ.csproj", "{26A8998B-29FB-4676-A5E2-42C60E15D61E}"
EndProject
Project("{FAE04EC0-301F-11D3-BF4B-00C04F79EFBC}") = "HelloWorld", "HelloWorld\HelloWorld.csproj", "{99B90743-3B26-4A59-A87E-8B39D645E75D}"
EndProject
Project("{FAE04EC0-301F-11D3-BF4B-00C04F79EFBC}") = "Variabler", "Variabler\Variabler.csproj", "{B531006C-D376-4F04-BA82-16781C8E10F4}"
EndProject
Project("{FAE04EC0-301F-11D3-BF4B-00C04F79EFBC}") = "Arrays", "Arrays\Arrays.csproj", "{AF916A6A-A621-42FF-A020-9D4371E1EA69}"
EndProject
Project("{FAE04EC0-301F-11D3-BF4B-00C04F79EFBC}") = "Strings", "Strings\Strings.csproj", "{F19BBDF2-593A-472A-A0CD-62E87E070061}"
EndProject
Project("{FAE04EC0-301F-11D3-BF4B-00C04F79EFBC}") = "Loops", "Loops\Loops.csproj", "{A5EE7B5D-98C2-4D08-8D03-4F6183858BFD}"
EndProject
Project("{FAE04EC0-301F-11D3-BF4B-00C04F79EFBC}") = "StartDag3", "StartDag3\StartDag3.csproj", "{393B0A16-FF48-47C2-B8C6-4365EADB11B1}"
EndProject
Project("{FAE04EC0-301F-11D3-BF4B-00C04F79EFBC}") = "Module06", "Module06\Module06.csproj", "{672D69D4-1D4E-4870-8030-16F04B64720E}"
EndProject
Project("{FAE04EC0-301F-11D3-BF4B-00C04F79EFBC}") = "Classes", "Classes\Classes.csproj", "{0942E1CC-C730-406A-A758-BEEE4C28657C}"
EndProject
Project("{FAE04EC0-301F-11D3-BF4B-00C04F79EFBC}") = "Properties", "Properties\Properties.csproj", "{A731C165-33CA-446F-97A0-767E9BF8084C}"
EndProject
Project("{FAE04EC0-301F-11D3-BF4B-00C04F79EFBC}") = "ClassAndArray", "ClassAndArray\ClassAndArray.csproj", "{37D6F69D-B5D3-43E7-BBE5-6E7BB6BC94B0}"
EndProject
Project("{FAE04EC0-301F-11D3-BF4B-00C04F79EFBC}") = "Static", "Static\Static.csproj", "{79AA476A-04F4-4FDE-B098-E5D8C9E407FC}"
EndProject
Project("{FAE04EC0-301F-11D3-BF4B-00C04F79EFBC}") = "Inheritance", "Inheritance\Inheritance.csproj", "{1896D481-5453-4C48-A8E1-B54F73F96687}"
EndProject
Project("{FAE04EC0-301F-11D3-BF4B-00C04F79EFBC}") = "Inheritance2", "Inheritance2\Inheritance2.csproj", "{C30369FA-2A43-4F32-88ED-E4F08899F741}"
EndProject
Project("{FAE04EC0-301F-11D3-BF4B-00C04F79EFBC}") = "Polymorphism", "Polymorphism\Polymorphism.csproj", "{88B0CAD2-B37A-478B-823F-E18908967E61}"
EndProject
Project("{FAE04EC0-301F-11D3-BF4B-00C04F79EFBC}") = "TryCatch", "TryCatch\TryCatch.csproj", "{83CCC740-3F51-4A1B-8A96-04999E8468F8}"
EndProject
Project("{FAE04EC0-301F-11D3-BF4B-00C04F79EFBC}") = "NLog", "NLog\NLog.csproj", "{7CFB123B-E7EA-4E3F-8D92-BB903C54C2C8}"
EndProject
Project("{FAE04EC0-301F-11D3-BF4B-00C04F79EFBC}") = "Interface", "Interface\Interface.csproj", "{2AC85FD7-FAEF-4562-A672-1D095B75D76F}"
EndProject
Project("{FAE04EC0-301F-11D3-BF4B-00C04F79EFBC}") = "Compare", "Compare\Compare.csproj", "{F8871303-CAA8-4C7F-82D8-59331B998A1F}"
EndProject
Project("{FAE04EC0-301F-11D3-BF4B-00C04F79EFBC}") = "Using", "Using\Using.csproj", "{6171032E-0BE5-48D8-B252-E7004862DF1B}"
EndProject
Project("{FAE04EC0-301F-11D3-BF4B-00C04F79EFBC}") = "Collection1", "Collection1\Collection1.csproj", "{6E428CBC-0F74-486E-944E-152A1E1EEE33}"
EndProject
Project("{FAE04EC0-301F-11D3-BF4B-00C04F79EFBC}") = "Collection2", "Collection2\Collection2.csproj", "{1EE53984-98A8-4B51-9EAC-89AE4CFD5CAE}"
EndProject
Project("{FAE04EC0-301F-11D3-BF4B-00C04F79EFBC}") = "GeneriskMetode", "GeneriskMetode\GeneriskMetode.csproj", "{74977542-19C6-49BC-B9B7-EB38ABA1CAB6}"
EndProject
Project("{FAE04EC0-301F-11D3-BF4B-00C04F79EFBC}") = "Delegates", "Delegates\Delegates.csproj", "{30F5070B-334C-407B-8FCD-041FF085126B}"
EndProject
Project("{FAE04EC0-301F-11D3-BF4B-00C04F79EFBC}") = "Delegates2", "Delegates2\Delegates2.csproj", "{5D54BDC0-59FF-4283-9EB7-9FC4A705CB9C}"
EndProject
Project("{FAE04EC0-301F-11D3-BF4B-00C04F79EFBC}") = "FileWatch", "FileWatch\FileWatch.csproj", "{07EE4178-03AC-45EE-BE58-D2E0BD01BCB9}"
EndProject
Project("{FAE04EC0-301F-11D3-BF4B-00C04F79EFBC}") = "Events", "Events\Events.csproj", "{53177E6F-CD66-47EE-8D1E-FDB26C7AD3E3}"
EndProject
Project("{FAE04EC0-301F-11D3-BF4B-00C04F79EFBC}") = "ExtensionMethods", "ExtensionMethods\ExtensionMethods.csproj", "{EB71B432-C622-44A6-81A5-AD6BDDD11759}"
EndProject
Global
	GlobalSection(SolutionConfigurationPlatforms) = preSolution
		Debug|Any CPU = Debug|Any CPU
		Release|Any CPU = Release|Any CPU
	EndGlobalSection
	GlobalSection(ProjectConfigurationPlatforms) = postSolution
		{ED61EF61-2518-4358-9274-AF90546F16DC}.Debug|Any CPU.ActiveCfg = Debug|Any CPU
		{ED61EF61-2518-4358-9274-AF90546F16DC}.Debug|Any CPU.Build.0 = Debug|Any CPU
		{ED61EF61-2518-4358-9274-AF90546F16DC}.Release|Any CPU.ActiveCfg = Release|Any CPU
		{ED61EF61-2518-4358-9274-AF90546F16DC}.Release|Any CPU.Build.0 = Release|Any CPU
		{3B404ABE-B1C1-4EB1-A581-63703EEFA401}.Debug|Any CPU.ActiveCfg = Debug|Any CPU
		{3B404ABE-B1C1-4EB1-A581-63703EEFA401}.Debug|Any CPU.Build.0 = Debug|Any CPU
		{3B404ABE-B1C1-4EB1-A581-63703EEFA401}.Release|Any CPU.ActiveCfg = Release|Any CPU
		{3B404ABE-B1C1-4EB1-A581-63703EEFA401}.Release|Any CPU.Build.0 = Release|Any CPU
		{52314A04-A84B-4053-A6DE-837C39AAA4A2}.Debug|Any CPU.ActiveCfg = Debug|Any CPU
		{52314A04-A84B-4053-A6DE-837C39AAA4A2}.Debug|Any CPU.Build.0 = Debug|Any CPU
		{52314A04-A84B-4053-A6DE-837C39AAA4A2}.Release|Any CPU.ActiveCfg = Release|Any CPU
		{52314A04-A84B-4053-A6DE-837C39AAA4A2}.Release|Any CPU.Build.0 = Release|Any CPU
		{224C681D-ACDD-48F7-9929-4B111EF0D1B9}.Debug|Any CPU.ActiveCfg = Debug|Any CPU
		{224C681D-ACDD-48F7-9929-4B111EF0D1B9}.Debug|Any CPU.Build.0 = Debug|Any CPU
		{224C681D-ACDD-48F7-9929-4B111EF0D1B9}.Release|Any CPU.ActiveCfg = Release|Any CPU
		{224C681D-ACDD-48F7-9929-4B111EF0D1B9}.Release|Any CPU.Build.0 = Release|Any CPU
		{779B2028-C640-4905-A36D-A83A043ACA82}.Debug|Any CPU.ActiveCfg = Debug|Any CPU
		{779B2028-C640-4905-A36D-A83A043ACA82}.Debug|Any CPU.Build.0 = Debug|Any CPU
		{779B2028-C640-4905-A36D-A83A043ACA82}.Release|Any CPU.ActiveCfg = Release|Any CPU
		{779B2028-C640-4905-A36D-A83A043ACA82}.Release|Any CPU.Build.0 = Release|Any CPU
		{6C6BB1DA-951A-441B-82A8-0459FBCFA693}.Debug|Any CPU.ActiveCfg = Debug|Any CPU
		{6C6BB1DA-951A-441B-82A8-0459FBCFA693}.Debug|Any CPU.Build.0 = Debug|Any CPU
		{6C6BB1DA-951A-441B-82A8-0459FBCFA693}.Release|Any CPU.ActiveCfg = Release|Any CPU
		{6C6BB1DA-951A-441B-82A8-0459FBCFA693}.Release|Any CPU.Build.0 = Release|Any CPU
		{C6A5C699-6257-4CDE-9C12-70502FDC05E5}.Debug|Any CPU.ActiveCfg = Debug|Any CPU
		{C6A5C699-6257-4CDE-9C12-70502FDC05E5}.Debug|Any CPU.Build.0 = Debug|Any CPU
		{C6A5C699-6257-4CDE-9C12-70502FDC05E5}.Release|Any CPU.ActiveCfg = Release|Any CPU
		{C6A5C699-6257-4CDE-9C12-70502FDC05E5}.Release|Any CPU.Build.0 = Release|Any CPU
		{BD24CAA3-9A99-4922-B73F-2A1F55486AFF}.Debug|Any CPU.ActiveCfg = Debug|Any CPU
		{BD24CAA3-9A99-4922-B73F-2A1F55486AFF}.Debug|Any CPU.Build.0 = Debug|Any CPU
		{BD24CAA3-9A99-4922-B73F-2A1F55486AFF}.Release|Any CPU.ActiveCfg = Release|Any CPU
		{BD24CAA3-9A99-4922-B73F-2A1F55486AFF}.Release|Any CPU.Build.0 = Release|Any CPU
		{D483641F-1FC6-47B3-A957-AC7771E1114D}.Debug|Any CPU.ActiveCfg = Debug|Any CPU
		{D483641F-1FC6-47B3-A957-AC7771E1114D}.Debug|Any CPU.Build.0 = Debug|Any CPU
		{D483641F-1FC6-47B3-A957-AC7771E1114D}.Release|Any CPU.ActiveCfg = Release|Any CPU
		{D483641F-1FC6-47B3-A957-AC7771E1114D}.Release|Any CPU.Build.0 = Release|Any CPU
		{5A6D04FF-61B6-4466-AC97-072ED4CEBA4C}.Debug|Any CPU.ActiveCfg = Debug|Any CPU
		{5A6D04FF-61B6-4466-AC97-072ED4CEBA4C}.Debug|Any CPU.Build.0 = Debug|Any CPU
		{5A6D04FF-61B6-4466-AC97-072ED4CEBA4C}.Release|Any CPU.ActiveCfg = Release|Any CPU
		{5A6D04FF-61B6-4466-AC97-072ED4CEBA4C}.Release|Any CPU.Build.0 = Release|Any CPU
		{5A1F3DDC-9D77-418A-83F2-DC422391FEB4}.Debug|Any CPU.ActiveCfg = Debug|Any CPU
		{5A1F3DDC-9D77-418A-83F2-DC422391FEB4}.Debug|Any CPU.Build.0 = Debug|Any CPU
		{5A1F3DDC-9D77-418A-83F2-DC422391FEB4}.Release|Any CPU.ActiveCfg = Release|Any CPU
		{5A1F3DDC-9D77-418A-83F2-DC422391FEB4}.Release|Any CPU.Build.0 = Release|Any CPU
		{1E76C25D-E3DE-46A6-85F2-AD0D99FDD13C}.Debug|Any CPU.ActiveCfg = Debug|Any CPU
		{1E76C25D-E3DE-46A6-85F2-AD0D99FDD13C}.Debug|Any CPU.Build.0 = Debug|Any CPU
		{1E76C25D-E3DE-46A6-85F2-AD0D99FDD13C}.Release|Any CPU.ActiveCfg = Release|Any CPU
		{1E76C25D-E3DE-46A6-85F2-AD0D99FDD13C}.Release|Any CPU.Build.0 = Release|Any CPU
		{26A8998B-29FB-4676-A5E2-42C60E15D61E}.Debug|Any CPU.ActiveCfg = Debug|Any CPU
		{26A8998B-29FB-4676-A5E2-42C60E15D61E}.Debug|Any CPU.Build.0 = Debug|Any CPU
		{26A8998B-29FB-4676-A5E2-42C60E15D61E}.Release|Any CPU.ActiveCfg = Release|Any CPU
		{26A8998B-29FB-4676-A5E2-42C60E15D61E}.Release|Any CPU.Build.0 = Release|Any CPU
		{99B90743-3B26-4A59-A87E-8B39D645E75D}.Debug|Any CPU.ActiveCfg = Debug|Any CPU
		{99B90743-3B26-4A59-A87E-8B39D645E75D}.Debug|Any CPU.Build.0 = Debug|Any CPU
		{99B90743-3B26-4A59-A87E-8B39D645E75D}.Release|Any CPU.ActiveCfg = Release|Any CPU
		{99B90743-3B26-4A59-A87E-8B39D645E75D}.Release|Any CPU.Build.0 = Release|Any CPU
		{B531006C-D376-4F04-BA82-16781C8E10F4}.Debug|Any CPU.ActiveCfg = Debug|Any CPU
		{B531006C-D376-4F04-BA82-16781C8E10F4}.Debug|Any CPU.Build.0 = Debug|Any CPU
		{B531006C-D376-4F04-BA82-16781C8E10F4}.Release|Any CPU.ActiveCfg = Release|Any CPU
		{B531006C-D376-4F04-BA82-16781C8E10F4}.Release|Any CPU.Build.0 = Release|Any CPU
		{AF916A6A-A621-42FF-A020-9D4371E1EA69}.Debug|Any CPU.ActiveCfg = Debug|Any CPU
		{AF916A6A-A621-42FF-A020-9D4371E1EA69}.Debug|Any CPU.Build.0 = Debug|Any CPU
		{AF916A6A-A621-42FF-A020-9D4371E1EA69}.Release|Any CPU.ActiveCfg = Release|Any CPU
		{AF916A6A-A621-42FF-A020-9D4371E1EA69}.Release|Any CPU.Build.0 = Release|Any CPU
		{F19BBDF2-593A-472A-A0CD-62E87E070061}.Debug|Any CPU.ActiveCfg = Debug|Any CPU
		{F19BBDF2-593A-472A-A0CD-62E87E070061}.Debug|Any CPU.Build.0 = Debug|Any CPU
		{F19BBDF2-593A-472A-A0CD-62E87E070061}.Release|Any CPU.ActiveCfg = Release|Any CPU
		{F19BBDF2-593A-472A-A0CD-62E87E070061}.Release|Any CPU.Build.0 = Release|Any CPU
		{A5EE7B5D-98C2-4D08-8D03-4F6183858BFD}.Debug|Any CPU.ActiveCfg = Debug|Any CPU
		{A5EE7B5D-98C2-4D08-8D03-4F6183858BFD}.Debug|Any CPU.Build.0 = Debug|Any CPU
		{A5EE7B5D-98C2-4D08-8D03-4F6183858BFD}.Release|Any CPU.ActiveCfg = Release|Any CPU
		{A5EE7B5D-98C2-4D08-8D03-4F6183858BFD}.Release|Any CPU.Build.0 = Release|Any CPU
		{393B0A16-FF48-47C2-B8C6-4365EADB11B1}.Debug|Any CPU.ActiveCfg = Debug|Any CPU
		{393B0A16-FF48-47C2-B8C6-4365EADB11B1}.Debug|Any CPU.Build.0 = Debug|Any CPU
		{393B0A16-FF48-47C2-B8C6-4365EADB11B1}.Release|Any CPU.ActiveCfg = Release|Any CPU
		{393B0A16-FF48-47C2-B8C6-4365EADB11B1}.Release|Any CPU.Build.0 = Release|Any CPU
		{672D69D4-1D4E-4870-8030-16F04B64720E}.Debug|Any CPU.ActiveCfg = Debug|Any CPU
		{672D69D4-1D4E-4870-8030-16F04B64720E}.Debug|Any CPU.Build.0 = Debug|Any CPU
		{672D69D4-1D4E-4870-8030-16F04B64720E}.Release|Any CPU.ActiveCfg = Release|Any CPU
		{672D69D4-1D4E-4870-8030-16F04B64720E}.Release|Any CPU.Build.0 = Release|Any CPU
		{0942E1CC-C730-406A-A758-BEEE4C28657C}.Debug|Any CPU.ActiveCfg = Debug|Any CPU
		{0942E1CC-C730-406A-A758-BEEE4C28657C}.Debug|Any CPU.Build.0 = Debug|Any CPU
		{0942E1CC-C730-406A-A758-BEEE4C28657C}.Release|Any CPU.ActiveCfg = Release|Any CPU
		{0942E1CC-C730-406A-A758-BEEE4C28657C}.Release|Any CPU.Build.0 = Release|Any CPU
		{A731C165-33CA-446F-97A0-767E9BF8084C}.Debug|Any CPU.ActiveCfg = Debug|Any CPU
		{A731C165-33CA-446F-97A0-767E9BF8084C}.Debug|Any CPU.Build.0 = Debug|Any CPU
		{A731C165-33CA-446F-97A0-767E9BF8084C}.Release|Any CPU.ActiveCfg = Release|Any CPU
		{A731C165-33CA-446F-97A0-767E9BF8084C}.Release|Any CPU.Build.0 = Release|Any CPU
		{37D6F69D-B5D3-43E7-BBE5-6E7BB6BC94B0}.Debug|Any CPU.ActiveCfg = Debug|Any CPU
		{37D6F69D-B5D3-43E7-BBE5-6E7BB6BC94B0}.Debug|Any CPU.Build.0 = Debug|Any CPU
		{37D6F69D-B5D3-43E7-BBE5-6E7BB6BC94B0}.Release|Any CPU.ActiveCfg = Release|Any CPU
		{37D6F69D-B5D3-43E7-BBE5-6E7BB6BC94B0}.Release|Any CPU.Build.0 = Release|Any CPU
		{79AA476A-04F4-4FDE-B098-E5D8C9E407FC}.Debug|Any CPU.ActiveCfg = Debug|Any CPU
		{79AA476A-04F4-4FDE-B098-E5D8C9E407FC}.Debug|Any CPU.Build.0 = Debug|Any CPU
		{79AA476A-04F4-4FDE-B098-E5D8C9E407FC}.Release|Any CPU.ActiveCfg = Release|Any CPU
		{79AA476A-04F4-4FDE-B098-E5D8C9E407FC}.Release|Any CPU.Build.0 = Release|Any CPU
		{1896D481-5453-4C48-A8E1-B54F73F96687}.Debug|Any CPU.ActiveCfg = Debug|Any CPU
		{1896D481-5453-4C48-A8E1-B54F73F96687}.Debug|Any CPU.Build.0 = Debug|Any CPU
		{1896D481-5453-4C48-A8E1-B54F73F96687}.Release|Any CPU.ActiveCfg = Release|Any CPU
		{1896D481-5453-4C48-A8E1-B54F73F96687}.Release|Any CPU.Build.0 = Release|Any CPU
		{C30369FA-2A43-4F32-88ED-E4F08899F741}.Debug|Any CPU.ActiveCfg = Debug|Any CPU
		{C30369FA-2A43-4F32-88ED-E4F08899F741}.Debug|Any CPU.Build.0 = Debug|Any CPU
		{C30369FA-2A43-4F32-88ED-E4F08899F741}.Release|Any CPU.ActiveCfg = Release|Any CPU
		{C30369FA-2A43-4F32-88ED-E4F08899F741}.Release|Any CPU.Build.0 = Release|Any CPU
		{88B0CAD2-B37A-478B-823F-E18908967E61}.Debug|Any CPU.ActiveCfg = Debug|Any CPU
		{88B0CAD2-B37A-478B-823F-E18908967E61}.Debug|Any CPU.Build.0 = Debug|Any CPU
		{88B0CAD2-B37A-478B-823F-E18908967E61}.Release|Any CPU.ActiveCfg = Release|Any CPU
		{88B0CAD2-B37A-478B-823F-E18908967E61}.Release|Any CPU.Build.0 = Release|Any CPU
		{83CCC740-3F51-4A1B-8A96-04999E8468F8}.Debug|Any CPU.ActiveCfg = Debug|Any CPU
		{83CCC740-3F51-4A1B-8A96-04999E8468F8}.Debug|Any CPU.Build.0 = Debug|Any CPU
		{83CCC740-3F51-4A1B-8A96-04999E8468F8}.Release|Any CPU.ActiveCfg = Release|Any CPU
		{83CCC740-3F51-4A1B-8A96-04999E8468F8}.Release|Any CPU.Build.0 = Release|Any CPU
		{7CFB123B-E7EA-4E3F-8D92-BB903C54C2C8}.Debug|Any CPU.ActiveCfg = Debug|Any CPU
		{7CFB123B-E7EA-4E3F-8D92-BB903C54C2C8}.Debug|Any CPU.Build.0 = Debug|Any CPU
		{7CFB123B-E7EA-4E3F-8D92-BB903C54C2C8}.Release|Any CPU.ActiveCfg = Release|Any CPU
		{7CFB123B-E7EA-4E3F-8D92-BB903C54C2C8}.Release|Any CPU.Build.0 = Release|Any CPU
		{2AC85FD7-FAEF-4562-A672-1D095B75D76F}.Debug|Any CPU.ActiveCfg = Debug|Any CPU
		{2AC85FD7-FAEF-4562-A672-1D095B75D76F}.Debug|Any CPU.Build.0 = Debug|Any CPU
		{2AC85FD7-FAEF-4562-A672-1D095B75D76F}.Release|Any CPU.ActiveCfg = Release|Any CPU
		{2AC85FD7-FAEF-4562-A672-1D095B75D76F}.Release|Any CPU.Build.0 = Release|Any CPU
		{F8871303-CAA8-4C7F-82D8-59331B998A1F}.Debug|Any CPU.ActiveCfg = Debug|Any CPU
		{F8871303-CAA8-4C7F-82D8-59331B998A1F}.Debug|Any CPU.Build.0 = Debug|Any CPU
		{F8871303-CAA8-4C7F-82D8-59331B998A1F}.Release|Any CPU.ActiveCfg = Release|Any CPU
		{F8871303-CAA8-4C7F-82D8-59331B998A1F}.Release|Any CPU.Build.0 = Release|Any CPU
		{6171032E-0BE5-48D8-B252-E7004862DF1B}.Debug|Any CPU.ActiveCfg = Debug|Any CPU
		{6171032E-0BE5-48D8-B252-E7004862DF1B}.Debug|Any CPU.Build.0 = Debug|Any CPU
		{6171032E-0BE5-48D8-B252-E7004862DF1B}.Release|Any CPU.ActiveCfg = Release|Any CPU
		{6171032E-0BE5-48D8-B252-E7004862DF1B}.Release|Any CPU.Build.0 = Release|Any CPU
		{6E428CBC-0F74-486E-944E-152A1E1EEE33}.Debug|Any CPU.ActiveCfg = Debug|Any CPU
		{6E428CBC-0F74-486E-944E-152A1E1EEE33}.Debug|Any CPU.Build.0 = Debug|Any CPU
		{6E428CBC-0F74-486E-944E-152A1E1EEE33}.Release|Any CPU.ActiveCfg = Release|Any CPU
		{6E428CBC-0F74-486E-944E-152A1E1EEE33}.Release|Any CPU.Build.0 = Release|Any CPU
		{1EE53984-98A8-4B51-9EAC-89AE4CFD5CAE}.Debug|Any CPU.ActiveCfg = Debug|Any CPU
		{1EE53984-98A8-4B51-9EAC-89AE4CFD5CAE}.Debug|Any CPU.Build.0 = Debug|Any CPU
		{1EE53984-98A8-4B51-9EAC-89AE4CFD5CAE}.Release|Any CPU.ActiveCfg = Release|Any CPU
		{1EE53984-98A8-4B51-9EAC-89AE4CFD5CAE}.Release|Any CPU.Build.0 = Release|Any CPU
		{74977542-19C6-49BC-B9B7-EB38ABA1CAB6}.Debug|Any CPU.ActiveCfg = Debug|Any CPU
		{74977542-19C6-49BC-B9B7-EB38ABA1CAB6}.Debug|Any CPU.Build.0 = Debug|Any CPU
		{74977542-19C6-49BC-B9B7-EB38ABA1CAB6}.Release|Any CPU.ActiveCfg = Release|Any CPU
		{74977542-19C6-49BC-B9B7-EB38ABA1CAB6}.Release|Any CPU.Build.0 = Release|Any CPU
		{30F5070B-334C-407B-8FCD-041FF085126B}.Debug|Any CPU.ActiveCfg = Debug|Any CPU
		{30F5070B-334C-407B-8FCD-041FF085126B}.Debug|Any CPU.Build.0 = Debug|Any CPU
		{30F5070B-334C-407B-8FCD-041FF085126B}.Release|Any CPU.ActiveCfg = Release|Any CPU
		{30F5070B-334C-407B-8FCD-041FF085126B}.Release|Any CPU.Build.0 = Release|Any CPU
		{5D54BDC0-59FF-4283-9EB7-9FC4A705CB9C}.Debug|Any CPU.ActiveCfg = Debug|Any CPU
		{5D54BDC0-59FF-4283-9EB7-9FC4A705CB9C}.Debug|Any CPU.Build.0 = Debug|Any CPU
		{5D54BDC0-59FF-4283-9EB7-9FC4A705CB9C}.Release|Any CPU.ActiveCfg = Release|Any CPU
		{5D54BDC0-59FF-4283-9EB7-9FC4A705CB9C}.Release|Any CPU.Build.0 = Release|Any CPU
		{07EE4178-03AC-45EE-BE58-D2E0BD01BCB9}.Debug|Any CPU.ActiveCfg = Debug|Any CPU
		{07EE4178-03AC-45EE-BE58-D2E0BD01BCB9}.Debug|Any CPU.Build.0 = Debug|Any CPU
		{07EE4178-03AC-45EE-BE58-D2E0BD01BCB9}.Release|Any CPU.ActiveCfg = Release|Any CPU
		{07EE4178-03AC-45EE-BE58-D2E0BD01BCB9}.Release|Any CPU.Build.0 = Release|Any CPU
		{53177E6F-CD66-47EE-8D1E-FDB26C7AD3E3}.Debug|Any CPU.ActiveCfg = Debug|Any CPU
		{53177E6F-CD66-47EE-8D1E-FDB26C7AD3E3}.Debug|Any CPU.Build.0 = Debug|Any CPU
		{53177E6F-CD66-47EE-8D1E-FDB26C7AD3E3}.Release|Any CPU.ActiveCfg = Release|Any CPU
		{53177E6F-CD66-47EE-8D1E-FDB26C7AD3E3}.Release|Any CPU.Build.0 = Release|Any CPU
		{EB71B432-C622-44A6-81A5-AD6BDDD11759}.Debug|Any CPU.ActiveCfg = Debug|Any CPU
		{EB71B432-C622-44A6-81A5-AD6BDDD11759}.Debug|Any CPU.Build.0 = Debug|Any CPU
		{EB71B432-C622-44A6-81A5-AD6BDDD11759}.Release|Any CPU.ActiveCfg = Release|Any CPU
		{EB71B432-C622-44A6-81A5-AD6BDDD11759}.Release|Any CPU.Build.0 = Release|Any CPU
	EndGlobalSection
	GlobalSection(SolutionProperties) = preSolution
		HideSolutionNode = FALSE
	EndGlobalSection
	GlobalSection(NestedProjects) = preSolution
		{ED61EF61-2518-4358-9274-AF90546F16DC} = {614BAE00-84EB-47BC-8C41-71B6E2131A8C}
		{3B404ABE-B1C1-4EB1-A581-63703EEFA401} = {614BAE00-84EB-47BC-8C41-71B6E2131A8C}
		{52314A04-A84B-4053-A6DE-837C39AAA4A2} = {614BAE00-84EB-47BC-8C41-71B6E2131A8C}
		{224C681D-ACDD-48F7-9929-4B111EF0D1B9} = {614BAE00-84EB-47BC-8C41-71B6E2131A8C}
		{779B2028-C640-4905-A36D-A83A043ACA82} = {614BAE00-84EB-47BC-8C41-71B6E2131A8C}
		{6C6BB1DA-951A-441B-82A8-0459FBCFA693} = {614BAE00-84EB-47BC-8C41-71B6E2131A8C}
		{C6A5C699-6257-4CDE-9C12-70502FDC05E5} = {614BAE00-84EB-47BC-8C41-71B6E2131A8C}
		{BD24CAA3-9A99-4922-B73F-2A1F55486AFF} = {614BAE00-84EB-47BC-8C41-71B6E2131A8C}
		{D483641F-1FC6-47B3-A957-AC7771E1114D} = {614BAE00-84EB-47BC-8C41-71B6E2131A8C}
		{5A6D04FF-61B6-4466-AC97-072ED4CEBA4C} = {614BAE00-84EB-47BC-8C41-71B6E2131A8C}
		{5A1F3DDC-9D77-418A-83F2-DC422391FEB4} = {614BAE00-84EB-47BC-8C41-71B6E2131A8C}
		{1E76C25D-E3DE-46A6-85F2-AD0D99FDD13C} = {614BAE00-84EB-47BC-8C41-71B6E2131A8C}
		{26A8998B-29FB-4676-A5E2-42C60E15D61E} = {614BAE00-84EB-47BC-8C41-71B6E2131A8C}
		{99B90743-3B26-4A59-A87E-8B39D645E75D} = {5E1B2542-C3EE-4515-8C83-C8E805B50E0F}
		{B531006C-D376-4F04-BA82-16781C8E10F4} = {5E1B2542-C3EE-4515-8C83-C8E805B50E0F}
		{AF916A6A-A621-42FF-A020-9D4371E1EA69} = {5E1B2542-C3EE-4515-8C83-C8E805B50E0F}
		{F19BBDF2-593A-472A-A0CD-62E87E070061} = {5E1B2542-C3EE-4515-8C83-C8E805B50E0F}
		{A5EE7B5D-98C2-4D08-8D03-4F6183858BFD} = {5E1B2542-C3EE-4515-8C83-C8E805B50E0F}
		{393B0A16-FF48-47C2-B8C6-4365EADB11B1} = {614BAE00-84EB-47BC-8C41-71B6E2131A8C}
		{672D69D4-1D4E-4870-8030-16F04B64720E} = {614BAE00-84EB-47BC-8C41-71B6E2131A8C}
		{0942E1CC-C730-406A-A758-BEEE4C28657C} = {5E1B2542-C3EE-4515-8C83-C8E805B50E0F}
		{A731C165-33CA-446F-97A0-767E9BF8084C} = {5E1B2542-C3EE-4515-8C83-C8E805B50E0F}
		{37D6F69D-B5D3-43E7-BBE5-6E7BB6BC94B0} = {5E1B2542-C3EE-4515-8C83-C8E805B50E0F}
		{79AA476A-04F4-4FDE-B098-E5D8C9E407FC} = {5E1B2542-C3EE-4515-8C83-C8E805B50E0F}
		{1896D481-5453-4C48-A8E1-B54F73F96687} = {5E1B2542-C3EE-4515-8C83-C8E805B50E0F}
		{C30369FA-2A43-4F32-88ED-E4F08899F741} = {5E1B2542-C3EE-4515-8C83-C8E805B50E0F}
		{88B0CAD2-B37A-478B-823F-E18908967E61} = {5E1B2542-C3EE-4515-8C83-C8E805B50E0F}
		{83CCC740-3F51-4A1B-8A96-04999E8468F8} = {5E1B2542-C3EE-4515-8C83-C8E805B50E0F}
		{7CFB123B-E7EA-4E3F-8D92-BB903C54C2C8} = {5E1B2542-C3EE-4515-8C83-C8E805B50E0F}
		{2AC85FD7-FAEF-4562-A672-1D095B75D76F} = {5E1B2542-C3EE-4515-8C83-C8E805B50E0F}
		{F8871303-CAA8-4C7F-82D8-59331B998A1F} = {5E1B2542-C3EE-4515-8C83-C8E805B50E0F}
		{6171032E-0BE5-48D8-B252-E7004862DF1B} = {5E1B2542-C3EE-4515-8C83-C8E805B50E0F}
		{6E428CBC-0F74-486E-944E-152A1E1EEE33} = {5E1B2542-C3EE-4515-8C83-C8E805B50E0F}
		{1EE53984-98A8-4B51-9EAC-89AE4CFD5CAE} = {5E1B2542-C3EE-4515-8C83-C8E805B50E0F}
		{74977542-19C6-49BC-B9B7-EB38ABA1CAB6} = {5E1B2542-C3EE-4515-8C83-C8E805B50E0F}
		{30F5070B-334C-407B-8FCD-041FF085126B} = {5E1B2542-C3EE-4515-8C83-C8E805B50E0F}
		{5D54BDC0-59FF-4283-9EB7-9FC4A705CB9C} = {5E1B2542-C3EE-4515-8C83-C8E805B50E0F}
		{07EE4178-03AC-45EE-BE58-D2E0BD01BCB9} = {5E1B2542-C3EE-4515-8C83-C8E805B50E0F}
		{53177E6F-CD66-47EE-8D1E-FDB26C7AD3E3} = {5E1B2542-C3EE-4515-8C83-C8E805B50E0F}
		{EB71B432-C622-44A6-81A5-AD6BDDD11759} = {5E1B2542-C3EE-4515-8C83-C8E805B50E0F}
	EndGlobalSection
	GlobalSection(ExtensibilityGlobals) = postSolution
		SolutionGuid = {185B6FDC-3327-456E-B133-E9CEEFE51C79}
	EndGlobalSection
EndGlobal
